{
  "nodes": {
    "nixpkgs": {
      "locked": {
        "lastModified": 1739446958,
        "narHash": "sha256-+/bYK3DbPxMIvSL4zArkMX0LQvS7rzBKXnDXLfKyRVc=",
        "rev": "2ff53fe64443980e139eaa286017f53f88336dd0",
        "revCount": 752742,
        "type": "tarball",
        "url": "https://api.flakehub.com/f/pinned/NixOS/nixpkgs/0.1.752742%2Brev-2ff53fe64443980e139eaa286017f53f88336dd0/019501eb-20b5-7a5a-950c-9c0a052b3515/source.tar.gz"
      },
      "original": {
        "type": "tarball",
        "url": "https://flakehub.com/f/NixOS/nixpkgs/0.1.%2A.tar.gz"
      }
    },
    "root": {
      "inputs": {
        "nixpkgs": "nixpkgs",
        "rust-overlay": "rust-overlay"
      }
    },
    "rust-overlay": {
      "inputs": {
        "nixpkgs": [
          "nixpkgs"
        ]
      },
      "locked": {
        "lastModified": 1739586408,
        "narHash": "sha256-UN9hRKRE1eLU8C0cioTZubaCZQTA8NDc8/4vCpS5pS0=",
        "owner": "oxalica",
        "repo": "rust-overlay",
        "rev": "3dbc0ce1c0690b83cfb9a9a51fbe90c3bc8f9916",
        "type": "github"
      },
      "original": {
        "owner": "oxalica",
        "repo": "rust-overlay",
        "type": "github"
      }
    }
  },
  "root": "root",
  "version": 7
}
